
Microsoft Visual Studio Solution File, Format Version 12.00
# Visual Studio Version 17
VisualStudioVersion = 17.3.32811.315
MinimumVisualStudioVersion = 10.0.40219.1
Project("{6EC3EE1D-3C4E-46DD-8F32-0CC8E7565705}") = "Core", "Core\Core.fsproj", "{17609292-5791-4842-9D11-BF73FDC24559}"
EndProject
Project("{6EC3EE1D-3C4E-46DD-8F32-0CC8E7565705}") = "Core.UnitTests", "Core.UnitTests\Core.UnitTests.fsproj", "{9D960BD0-6E73-4B5F-ACDD-DF17FBF19152}"
EndProject
Project("{6EC3EE1D-3C4E-46DD-8F32-0CC8E7565705}") = "Concepts", "Concepts\Concepts.fsproj", "{9015188F-B9F6-4142-9620-D6453B6BF425}"
EndProject
Project("{6EC3EE1D-3C4E-46DD-8F32-0CC8E7565705}") = "Functions", "Functions\Functions.fsproj", "{B321370A-1313-4D00-8358-6A5BDB5C747E}"
EndProject
Project("{6EC3EE1D-3C4E-46DD-8F32-0CC8E7565705}") = "Functions.UnitTests", "Functions.UnitTests\Functions.UnitTests.fsproj", "{FE06731F-1B66-47F0-8072-F3FC8FC2C8CA}"
EndProject
Project("{6EC3EE1D-3C4E-46DD-8F32-0CC8E7565705}") = "Application", "Application\Application.fsproj", "{BE698AFA-03FC-43B0-893B-7345289EF81F}"
EndProject
Project("{6EC3EE1D-3C4E-46DD-8F32-0CC8E7565705}") = "Playground", "Playground\Playground.fsproj", "{59B75186-1A7B-4164-97E3-DE702C2F1395}"
EndProject
Project("{6EC3EE1D-3C4E-46DD-8F32-0CC8E7565705}") = "Data", "Data\Data.fsproj", "{720A3328-9668-4214-981F-6980265AFBBF}"
EndProject
Project("{6EC3EE1D-3C4E-46DD-8F32-0CC8E7565705}") = "Web", "MVC\Web.fsproj", "{7036C54E-4BC3-4836-9533-FF47AEAE4022}"
EndProject
Project("{6EC3EE1D-3C4E-46DD-8F32-0CC8E7565705}") = "Web.MVC", "Web.MVC\Web.MVC.fsproj", "{5BA47EF2-7F1E-4066-B32C-11E5B4E9A44D}"
EndProject
Project("{F2A71F9B-5D33-465A-A702-920D77279786}") = "Exercism", "Exercism\Exercism.fsproj", "{57283BD6-8C2E-49A5-A7A4-2EDB3E1341E8}"
EndProject
Global
	GlobalSection(SolutionConfigurationPlatforms) = preSolution
		Debug|Any CPU = Debug|Any CPU
		Release|Any CPU = Release|Any CPU
	EndGlobalSection
	GlobalSection(ProjectConfigurationPlatforms) = postSolution
		{17609292-5791-4842-9D11-BF73FDC24559}.Debug|Any CPU.ActiveCfg = Debug|Any CPU
		{17609292-5791-4842-9D11-BF73FDC24559}.Debug|Any CPU.Build.0 = Debug|Any CPU
		{17609292-5791-4842-9D11-BF73FDC24559}.Release|Any CPU.ActiveCfg = Release|Any CPU
		{17609292-5791-4842-9D11-BF73FDC24559}.Release|Any CPU.Build.0 = Release|Any CPU
		{9D960BD0-6E73-4B5F-ACDD-DF17FBF19152}.Debug|Any CPU.ActiveCfg = Debug|Any CPU
		{9D960BD0-6E73-4B5F-ACDD-DF17FBF19152}.Debug|Any CPU.Build.0 = Debug|Any CPU
		{9D960BD0-6E73-4B5F-ACDD-DF17FBF19152}.Release|Any CPU.ActiveCfg = Release|Any CPU
		{9D960BD0-6E73-4B5F-ACDD-DF17FBF19152}.Release|Any CPU.Build.0 = Release|Any CPU
		{9015188F-B9F6-4142-9620-D6453B6BF425}.Debug|Any CPU.ActiveCfg = Debug|Any CPU
		{9015188F-B9F6-4142-9620-D6453B6BF425}.Debug|Any CPU.Build.0 = Debug|Any CPU
		{9015188F-B9F6-4142-9620-D6453B6BF425}.Release|Any CPU.ActiveCfg = Release|Any CPU
		{9015188F-B9F6-4142-9620-D6453B6BF425}.Release|Any CPU.Build.0 = Release|Any CPU
		{B321370A-1313-4D00-8358-6A5BDB5C747E}.Debug|Any CPU.ActiveCfg = Debug|Any CPU
		{B321370A-1313-4D00-8358-6A5BDB5C747E}.Debug|Any CPU.Build.0 = Debug|Any CPU
		{B321370A-1313-4D00-8358-6A5BDB5C747E}.Release|Any CPU.ActiveCfg = Release|Any CPU
		{B321370A-1313-4D00-8358-6A5BDB5C747E}.Release|Any CPU.Build.0 = Release|Any CPU
		{FE06731F-1B66-47F0-8072-F3FC8FC2C8CA}.Debug|Any CPU.ActiveCfg = Debug|Any CPU
		{FE06731F-1B66-47F0-8072-F3FC8FC2C8CA}.Debug|Any CPU.Build.0 = Debug|Any CPU
		{FE06731F-1B66-47F0-8072-F3FC8FC2C8CA}.Release|Any CPU.ActiveCfg = Release|Any CPU
		{FE06731F-1B66-47F0-8072-F3FC8FC2C8CA}.Release|Any CPU.Build.0 = Release|Any CPU
		{BE698AFA-03FC-43B0-893B-7345289EF81F}.Debug|Any CPU.ActiveCfg = Debug|Any CPU
		{BE698AFA-03FC-43B0-893B-7345289EF81F}.Debug|Any CPU.Build.0 = Debug|Any CPU
		{BE698AFA-03FC-43B0-893B-7345289EF81F}.Release|Any CPU.ActiveCfg = Release|Any CPU
		{BE698AFA-03FC-43B0-893B-7345289EF81F}.Release|Any CPU.Build.0 = Release|Any CPU
		{59B75186-1A7B-4164-97E3-DE702C2F1395}.Debug|Any CPU.ActiveCfg = Debug|Any CPU
		{59B75186-1A7B-4164-97E3-DE702C2F1395}.Debug|Any CPU.Build.0 = Debug|Any CPU
		{59B75186-1A7B-4164-97E3-DE702C2F1395}.Release|Any CPU.ActiveCfg = Release|Any CPU
		{59B75186-1A7B-4164-97E3-DE702C2F1395}.Release|Any CPU.Build.0 = Release|Any CPU
		{720A3328-9668-4214-981F-6980265AFBBF}.Debug|Any CPU.ActiveCfg = Debug|Any CPU
		{720A3328-9668-4214-981F-6980265AFBBF}.Debug|Any CPU.Build.0 = Debug|Any CPU
		{720A3328-9668-4214-981F-6980265AFBBF}.Release|Any CPU.ActiveCfg = Release|Any CPU
		{720A3328-9668-4214-981F-6980265AFBBF}.Release|Any CPU.Build.0 = Release|Any CPU
		{7036C54E-4BC3-4836-9533-FF47AEAE4022}.Debug|Any CPU.ActiveCfg = Debug|Any CPU
		{7036C54E-4BC3-4836-9533-FF47AEAE4022}.Debug|Any CPU.Build.0 = Debug|Any CPU
		{7036C54E-4BC3-4836-9533-FF47AEAE4022}.Release|Any CPU.ActiveCfg = Release|Any CPU
		{7036C54E-4BC3-4836-9533-FF47AEAE4022}.Release|Any CPU.Build.0 = Release|Any CPU
		{5BA47EF2-7F1E-4066-B32C-11E5B4E9A44D}.Debug|Any CPU.ActiveCfg = Debug|Any CPU
		{5BA47EF2-7F1E-4066-B32C-11E5B4E9A44D}.Debug|Any CPU.Build.0 = Debug|Any CPU
		{5BA47EF2-7F1E-4066-B32C-11E5B4E9A44D}.Release|Any CPU.ActiveCfg = Release|Any CPU
		{5BA47EF2-7F1E-4066-B32C-11E5B4E9A44D}.Release|Any CPU.Build.0 = Release|Any CPU
		{57283BD6-8C2E-49A5-A7A4-2EDB3E1341E8}.Debug|Any CPU.ActiveCfg = Debug|Any CPU
		{57283BD6-8C2E-49A5-A7A4-2EDB3E1341E8}.Debug|Any CPU.Build.0 = Debug|Any CPU
		{57283BD6-8C2E-49A5-A7A4-2EDB3E1341E8}.Release|Any CPU.ActiveCfg = Release|Any CPU
		{57283BD6-8C2E-49A5-A7A4-2EDB3E1341E8}.Release|Any CPU.Build.0 = Release|Any CPU
	EndGlobalSection
	GlobalSection(SolutionProperties) = preSolution
		HideSolutionNode = FALSE
	EndGlobalSection
	GlobalSection(ExtensibilityGlobals) = postSolution
		SolutionGuid = {0FCAFDD4-BAE8-40C4-BADC-65485F4F8B00}
	EndGlobalSection
EndGlobal
